
Microsoft Visual Studio Solution File, Format Version 12.00
# Visual Studio Version 16
VisualStudioVersion = 16.0.30204.135
MinimumVisualStudioVersion = 10.0.40219.1
Project("{FAE04EC0-301F-11D3-BF4B-00C04F79EFBC}") = "Renewable Energy Project", "Renewable Energy Project.csproj", "{7D5AED3E-28CB-49F4-970A-444CFD7EC09C}"
EndProject
Global
	GlobalSection(SolutionConfigurationPlatforms) = preSolution
		Debug|Any CPU = Debug|Any CPU
		Release|Any CPU = Release|Any CPU
	EndGlobalSection
	GlobalSection(ProjectConfigurationPlatforms) = postSolution
		{7D5AED3E-28CB-49F4-970A-444CFD7EC09C}.Debug|Any CPU.ActiveCfg = Debug|Any CPU
		{7D5AED3E-28CB-49F4-970A-444CFD7EC09C}.Debug|Any CPU.Build.0 = Debug|Any CPU
		{7D5AED3E-28CB-49F4-970A-444CFD7EC09C}.Release|Any CPU.ActiveCfg = Release|Any CPU
		{7D5AED3E-28CB-49F4-970A-444CFD7EC09C}.Release|Any CPU.Build.0 = Release|Any CPU
	EndGlobalSection
	GlobalSection(SolutionProperties) = preSolution
		HideSolutionNode = FALSE
	EndGlobalSection
	GlobalSection(ExtensibilityGlobals) = postSolution
		SolutionGuid = {ECFB2981-1EDF-492C-8EE7-2984CE205746}
	EndGlobalSection
EndGlobal
