
Microsoft Visual Studio Solution File, Format Version 12.00
# Visual Studio Version 16
VisualStudioVersion = 16.0.30907.101
MinimumVisualStudioVersion = 10.0.40219.1
Project("{9A19103F-16F7-4668-BE54-9A1E7A4F7556}") = "Info5060Project1", "Info5060Project1.csproj", "{968AB35D-074B-4E8F-BF08-6828168BD68E}"
EndProject
Project("{FAE04EC0-301F-11D3-BF4B-00C04F79EFBC}") = "ScrabbleLibrary", "..\ScrabbleLibrary\ScrabbleLibrary.csproj", "{8C544DD6-6879-4899-9673-389F6591C51D}"
EndProject
Global
	GlobalSection(SolutionConfigurationPlatforms) = preSolution
		Debug|Any CPU = Debug|Any CPU
		Release|Any CPU = Release|Any CPU
	EndGlobalSection
	GlobalSection(ProjectConfigurationPlatforms) = postSolution
		{968AB35D-074B-4E8F-BF08-6828168BD68E}.Debug|Any CPU.ActiveCfg = Debug|Any CPU
		{968AB35D-074B-4E8F-BF08-6828168BD68E}.Debug|Any CPU.Build.0 = Debug|Any CPU
		{968AB35D-074B-4E8F-BF08-6828168BD68E}.Release|Any CPU.ActiveCfg = Release|Any CPU
		{968AB35D-074B-4E8F-BF08-6828168BD68E}.Release|Any CPU.Build.0 = Release|Any CPU
		{8C544DD6-6879-4899-9673-389F6591C51D}.Debug|Any CPU.ActiveCfg = Debug|Any CPU
		{8C544DD6-6879-4899-9673-389F6591C51D}.Debug|Any CPU.Build.0 = Debug|Any CPU
		{8C544DD6-6879-4899-9673-389F6591C51D}.Release|Any CPU.ActiveCfg = Release|Any CPU
		{8C544DD6-6879-4899-9673-389F6591C51D}.Release|Any CPU.Build.0 = Release|Any CPU
	EndGlobalSection
	GlobalSection(SolutionProperties) = preSolution
		HideSolutionNode = FALSE
	EndGlobalSection
	GlobalSection(ExtensibilityGlobals) = postSolution
		SolutionGuid = {40C143CE-ECA8-4D54-8DCC-8F416279D092}
	EndGlobalSection
EndGlobal
